// !$*UTF8*$!
{
	archiveVersion = 1;
	classes = {
	};
	objectVersion = 46;
	objects = {

/* Begin PBXBuildFile section */
		B905BCFF1D0DA27E00E8A438 /* PrefWinC.xib in Resources */ = {isa = PBXBuildFile; fileRef = B905BD011D0DA27E00E8A438 /* PrefWinC.xib */; };
		B907C4B71C848A440019F247 /* sidebar.png in Resources */ = {isa = PBXBuildFile; fileRef = B907C4B61C848A440019F247 /* sidebar.png */; };
		B90C05E01CD021E90085D918 /* MaxLenxFormatter.m in Sources */ = {isa = PBXBuildFile; fileRef = B90C05DF1CD021E90085D918 /* MaxLenxFormatter.m */; };
		B90EC2AB1CC0AC3C0062F9A5 /* ExportPanel.m in Sources */ = {isa = PBXBuildFile; fileRef = B90EC2A91CC0AC3C0062F9A5 /* ExportPanel.m */; };
		B90EC2AE1CC0BCD90062F9A5 /* ExportPanel.xib in Resources */ = {isa = PBXBuildFile; fileRef = B90EC2B01CC0BCD90062F9A5 /* ExportPanel.xib */; };
		B936FBC61CA26AE800B86A0B /* scroll.png in Resources */ = {isa = PBXBuildFile; fileRef = B936FBBF1CA26AE800B86A0B /* scroll.png */; };
		B936FBC71CA26AE800B86A0B /* selectArea_off.png in Resources */ = {isa = PBXBuildFile; fileRef = B936FBC01CA26AE800B86A0B /* selectArea_off.png */; };
		B936FBC81CA26AE800B86A0B /* selectArea_on.png in Resources */ = {isa = PBXBuildFile; fileRef = B936FBC11CA26AE800B86A0B /* selectArea_on.png */; };
		B936FBC91CA26AE800B86A0B /* selectText_off.png in Resources */ = {isa = PBXBuildFile; fileRef = B936FBC21CA26AE800B86A0B /* selectText_off.png */; };
		B936FBCA1CA26AE800B86A0B /* selectText_on.png in Resources */ = {isa = PBXBuildFile; fileRef = B936FBC31CA26AE800B86A0B /* selectText_on.png */; };
		B936FBCB1CA26AE800B86A0B /* zoom_off.png in Resources */ = {isa = PBXBuildFile; fileRef = B936FBC41CA26AE800B86A0B /* zoom_off.png */; };
		B936FBCC1CA26AE800B86A0B /* zoom_on.png in Resources */ = {isa = PBXBuildFile; fileRef = B936FBC51CA26AE800B86A0B /* zoom_on.png */; };
		B93C5E6F1D0BCF990064F99F /* PrefWinC.m in Sources */ = {isa = PBXBuildFile; fileRef = B93C5E6D1D0BCF990064F99F /* PrefWinC.m */; };
		B93D8C501C9E7E3900CC3202 /* CCColoredTitleButton.m in Sources */ = {isa = PBXBuildFile; fileRef = B93D8C4F1C9E7E3900CC3202 /* CCColoredTitleButton.m */; };
		B93FD5751C86D45B00B68959 /* singleCon_off.png in Resources */ = {isa = PBXBuildFile; fileRef = B93FD56D1C86D45B00B68959 /* singleCon_off.png */; };
		B93FD5761C86D45B00B68959 /* singleCon_on.png in Resources */ = {isa = PBXBuildFile; fileRef = B93FD56E1C86D45B00B68959 /* singleCon_on.png */; };
		B93FD5771C86D45B00B68959 /* singlePage_off.png in Resources */ = {isa = PBXBuildFile; fileRef = B93FD56F1C86D45B00B68959 /* singlePage_off.png */; };
		B93FD5781C86D45B00B68959 /* singlePage_on.png in Resources */ = {isa = PBXBuildFile; fileRef = B93FD5701C86D45B00B68959 /* singlePage_on.png */; };
		B93FD5791C86D45B00B68959 /* twoCont_off.png in Resources */ = {isa = PBXBuildFile; fileRef = B93FD5711C86D45B00B68959 /* twoCont_off.png */; };
		B93FD57A1C86D45B00B68959 /* twoCont_on.png in Resources */ = {isa = PBXBuildFile; fileRef = B93FD5721C86D45B00B68959 /* twoCont_on.png */; };
		B93FD57B1C86D45B00B68959 /* twoUp_off.png in Resources */ = {isa = PBXBuildFile; fileRef = B93FD5731C86D45B00B68959 /* twoUp_off.png */; };
		B93FD57C1C86D45B00B68959 /* twoUp_on.png in Resources */ = {isa = PBXBuildFile; fileRef = B93FD5741C86D45B00B68959 /* twoUp_on.png */; };
		B93FD5A71C872C0A00B68959 /* fitToWindow.png in Resources */ = {isa = PBXBuildFile; fileRef = B93FD5A41C872C0A00B68959 /* fitToWindow.png */; };
		B93FD5A81C872C0A00B68959 /* zoomIn.png in Resources */ = {isa = PBXBuildFile; fileRef = B93FD5A51C872C0A00B68959 /* zoomIn.png */; };
		B93FD5A91C872C0A00B68959 /* zoomOut.png in Resources */ = {isa = PBXBuildFile; fileRef = B93FD5A61C872C0A00B68959 /* zoomOut.png */; };
		B951BD651C719DD0007B9359 /* AppDelegate.m in Sources */ = {isa = PBXBuildFile; fileRef = B951BD641C719DD0007B9359 /* AppDelegate.m */; };
		B951BD681C719DD0007B9359 /* main.m in Sources */ = {isa = PBXBuildFile; fileRef = B951BD671C719DD0007B9359 /* main.m */; };
		B951BD6B1C719DD0007B9359 /* Document.m in Sources */ = {isa = PBXBuildFile; fileRef = B951BD6A1C719DD0007B9359 /* Document.m */; };
		B951BD6E1C719DD0007B9359 /* Document.xib in Resources */ = {isa = PBXBuildFile; fileRef = B951BD6C1C719DD0007B9359 /* Document.xib */; };
		B951BD701C719DD0007B9359 /* Assets.xcassets in Resources */ = {isa = PBXBuildFile; fileRef = B951BD6F1C719DD0007B9359 /* Assets.xcassets */; };
		B951BD731C719DD0007B9359 /* MainMenu.xib in Resources */ = {isa = PBXBuildFile; fileRef = B951BD711C719DD0007B9359 /* MainMenu.xib */; };
		B951BD811C71A8FC007B9359 /* MergePDFWin.m in Sources */ = {isa = PBXBuildFile; fileRef = B951BD7F1C71A8FC007B9359 /* MergePDFWin.m */; };
		B951BD831C71A920007B9359 /* MergePDFWin.xib in Resources */ = {isa = PBXBuildFile; fileRef = B951BD851C71A920007B9359 /* MergePDFWin.xib */; };
		B951BD891C71C1FE007B9359 /* Quartz.framework in Frameworks */ = {isa = PBXBuildFile; fileRef = B951BD881C71C1FE007B9359 /* Quartz.framework */; };
		B951BD901C71C2A5007B9359 /* btnAdd.png in Resources */ = {isa = PBXBuildFile; fileRef = B951BD8A1C71C2A4007B9359 /* btnAdd.png */; };
		B951BD911C71C2A5007B9359 /* btnClear.png in Resources */ = {isa = PBXBuildFile; fileRef = B951BD8B1C71C2A5007B9359 /* btnClear.png */; };
		B951BD921C71C2A5007B9359 /* btnRemove.png in Resources */ = {isa = PBXBuildFile; fileRef = B951BD8C1C71C2A5007B9359 /* btnRemove.png */; };
		B951BD931C71C2A5007B9359 /* btnRestore.png in Resources */ = {isa = PBXBuildFile; fileRef = B951BD8D1C71C2A5007B9359 /* btnRestore.png */; };
		B951BD941C71C2A5007B9359 /* btnSave.png in Resources */ = {isa = PBXBuildFile; fileRef = B951BD8E1C71C2A5007B9359 /* btnSave.png */; };
		B951BD951C71C2A5007B9359 /* vline.png in Resources */ = {isa = PBXBuildFile; fileRef = B951BD8F1C71C2A5007B9359 /* vline.png */; };
		B951BD9B1C71C58D007B9359 /* CCBackGroundView.m in Sources */ = {isa = PBXBuildFile; fileRef = B951BD981C71C58D007B9359 /* CCBackGroundView.m */; };
		B951BD9C1C71C58D007B9359 /* CCClearWin.m in Sources */ = {isa = PBXBuildFile; fileRef = B951BD9A1C71C58D007B9359 /* CCClearWin.m */; };
		B951BDA31C71C759007B9359 /* PDFLst.array in Resources */ = {isa = PBXBuildFile; fileRef = B951BDA21C71C759007B9359 /* PDFLst.array */; };
		B951BDA61C71DB23007B9359 /* ErrLstController.m in Sources */ = {isa = PBXBuildFile; fileRef = B951BDA51C71DB23007B9359 /* ErrLstController.m */; };
		B95DD1DD1C7C602C002F1936 /* Localizable.strings in Resources */ = {isa = PBXBuildFile; fileRef = B95DD1DB1C7C602C002F1936 /* Localizable.strings */; };
		B95FEAC61CCA615A00FC91FF /* CCFormatter.m in Sources */ = {isa = PBXBuildFile; fileRef = B95FEAC51CCA615A00FC91FF /* CCFormatter.m */; };
		B96EE7831C818A630063C7A2 /* goBack.png in Resources */ = {isa = PBXBuildFile; fileRef = B96EE77D1C818A630063C7A2 /* goBack.png */; };
		B96EE7841C818A630063C7A2 /* goForward.png in Resources */ = {isa = PBXBuildFile; fileRef = B96EE77E1C818A630063C7A2 /* goForward.png */; };
		B96EE7851C818A630063C7A2 /* goLast.png in Resources */ = {isa = PBXBuildFile; fileRef = B96EE77F1C818A630063C7A2 /* goLast.png */; };
		B96EE7861C818A630063C7A2 /* goNext.png in Resources */ = {isa = PBXBuildFile; fileRef = B96EE7801C818A630063C7A2 /* goNext.png */; };
		B96EE7871C818A630063C7A2 /* goPrev.png in Resources */ = {isa = PBXBuildFile; fileRef = B96EE7811C818A630063C7A2 /* goPrev.png */; };
		B96EE7881C818A630063C7A2 /* goTop.png in Resources */ = {isa = PBXBuildFile; fileRef = B96EE7821C818A630063C7A2 /* goTop.png */; };
		B97F40341CA5FBE2006CCEA4 /* NSAlert+SynchronousSheet.m in Sources */ = {isa = PBXBuildFile; fileRef = B97F40331CA5FBE2006CCEA4 /* NSAlert+SynchronousSheet.m */; };
		B97F40381CA5FCE0006CCEA4 /* SplitPanel.m in Sources */ = {isa = PBXBuildFile; fileRef = B97F40361CA5FCE0006CCEA4 /* SplitPanel.m */; };
		B97F403B1CA61E27006CCEA4 /* SplitPanel.xib in Resources */ = {isa = PBXBuildFile; fileRef = B97F403D1CA61E27006CCEA4 /* SplitPanel.xib */; };
		B97F40441CA65448006CCEA4 /* QuartzCore.framework in Frameworks */ = {isa = PBXBuildFile; fileRef = B97F40431CA65448006CCEA4 /* QuartzCore.framework */; };
		B97F40481CA666FA006CCEA4 /* RemovePanel.m in Sources */ = {isa = PBXBuildFile; fileRef = B97F40461CA666FA006CCEA4 /* RemovePanel.m */; };
		B97F404B1CA66E1A006CCEA4 /* RemovePanel.xib in Resources */ = {isa = PBXBuildFile; fileRef = B97F404D1CA66E1A006CCEA4 /* RemovePanel.xib */; };
		B98CA6E11C7615A1008C3E89 /* MyWinC.m in Sources */ = {isa = PBXBuildFile; fileRef = B98CA6E01C7615A1008C3E89 /* MyWinC.m */; };
		B997BF9D1CAF75A30022C246 /* TxtPanel.m in Sources */ = {isa = PBXBuildFile; fileRef = B997BF9B1CAF75A30022C246 /* TxtPanel.m */; };
		B997BFA81CAFED970022C246 /* TxtPanel.xib in Resources */ = {isa = PBXBuildFile; fileRef = B997BFAA1CAFED970022C246 /* TxtPanel.xib */; };
		B99C9D1F1E4EBE2C000F1D3D /* SPK.help in Resources */ = {isa = PBXBuildFile; fileRef = B99C9D1D1E4EBE2B000F1D3D /* SPK.help */; };
		B99FBCF71CAF3D7C00DAF769 /* MyOLView.m in Sources */ = {isa = PBXBuildFile; fileRef = B99FBCF61CAF3D7C00DAF769 /* MyOLView.m */; };
		B9A2FF1C1C79730B00E39B57 /* MyPDFView.m in Sources */ = {isa = PBXBuildFile; fileRef = B9A2FF1B1C79730B00E39B57 /* MyPDFView.m */; };
		B9A8C96A1C916C10008A2DEB /* OLController.m in Sources */ = {isa = PBXBuildFile; fileRef = B9A8C9691C916C10008A2DEB /* OLController.m */; };
		B9C45DAF1CADFC9F00683937 /* resizeb.png in Resources */ = {isa = PBXBuildFile; fileRef = B9C45DAD1CADFC9F00683937 /* resizeb.png */; };
		B9C45DB01CADFC9F00683937 /* resizef.png in Resources */ = {isa = PBXBuildFile; fileRef = B9C45DAE1CADFC9F00683937 /* resizef.png */; };
		B9C585711C92963400243A38 /* BMPanel.m in Sources */ = {isa = PBXBuildFile; fileRef = B9C5856F1C92963400243A38 /* BMPanel.m */; };
		B9C585741C92A3D100243A38 /* BMPanel.xib in Resources */ = {isa = PBXBuildFile; fileRef = B9C585761C92A3D100243A38 /* BMPanel.xib */; };
		B9CA97A71CCBA7FC00B2E5F6 /* EncryptPanel.xib in Resources */ = {isa = PBXBuildFile; fileRef = B9CA97A91CCBA7FC00B2E5F6 /* EncryptPanel.xib */; };
		B9E398221CC5BB2A0018DC88 /* InfoPanel.m in Sources */ = {isa = PBXBuildFile; fileRef = B9E398201CC5BB290018DC88 /* InfoPanel.m */; };
		B9E51F111CC845C9004F002E /* lock.png in Resources */ = {isa = PBXBuildFile; fileRef = B9E51F0F1CC845C8004F002E /* lock.png */; };
		B9E51F121CC845C9004F002E /* unlock.png in Resources */ = {isa = PBXBuildFile; fileRef = B9E51F101CC845C9004F002E /* unlock.png */; };
		B9E51F181CC84708004F002E /* EncryptPanel.m in Sources */ = {isa = PBXBuildFile; fileRef = B9E51F171CC84708004F002E /* EncryptPanel.m */; };
		B9E51F1B1CC87D3F004F002E /* InfoPanel.xib in Resources */ = {isa = PBXBuildFile; fileRef = B9E51F1D1CC87D3F004F002E /* InfoPanel.xib */; };
		B9F1E24F1CA8975100AFAA6F /* HandScrollView.m in Sources */ = {isa = PBXBuildFile; fileRef = B9F1E24B1CA8975100AFAA6F /* HandScrollView.m */; };
		B9F1E2501CA8975100AFAA6F /* ZoomView.m in Sources */ = {isa = PBXBuildFile; fileRef = B9F1E24D1CA8975100AFAA6F /* ZoomView.m */; };
		B9F1E2541CA89C2400AFAA6F /* cZoom.png in Resources */ = {isa = PBXBuildFile; fileRef = B9F1E2511CA89C2300AFAA6F /* cZoom.png */; };
		B9F1E2551CA89C2400AFAA6F /* cZoomIn.png in Resources */ = {isa = PBXBuildFile; fileRef = B9F1E2521CA89C2400AFAA6F /* cZoomIn.png */; };
		B9F1E2561CA89C2400AFAA6F /* cZoomOut.png in Resources */ = {isa = PBXBuildFile; fileRef = B9F1E2531CA89C2400AFAA6F /* cZoomOut.png */; };
/* End PBXBuildFile section */

/* Begin PBXFileReference section */
		B905BD001D0DA27E00E8A438 /* Base */ = {isa = PBXFileReference; lastKnownFileType = file.xib; name = Base; path = Base.lproj/PrefWinC.xib; sourceTree = "<group>"; };
		B905BD031D0DA29100E8A438 /* ja */ = {isa = PBXFileReference; lastKnownFileType = text.plist.strings; name = ja; path = ja.lproj/PrefWinC.strings; sourceTree = "<group>"; };
		B907C4B61C848A440019F247 /* sidebar.png */ = {isa = PBXFileReference; lastKnownFileType = image.png; name = sidebar.png; path = Graphics/sidebar.png; sourceTree = "<group>"; };
		B90C05DE1CD021E90085D918 /* MaxLenxFormatter.h */ = {isa = PBXFileReference; fileEncoding = 4; lastKnownFileType = sourcecode.c.h; path = MaxLenxFormatter.h; sourceTree = "<group>"; };
		B90C05DF1CD021E90085D918 /* MaxLenxFormatter.m */ = {isa = PBXFileReference; fileEncoding = 4; lastKnownFileType = sourcecode.c.objc; path = MaxLenxFormatter.m; sourceTree = "<group>"; };
		B90EC2A81CC0AC3C0062F9A5 /* ExportPanel.h */ = {isa = PBXFileReference; fileEncoding = 4; lastKnownFileType = sourcecode.c.h; path = ExportPanel.h; sourceTree = "<group>"; };
		B90EC2A91CC0AC3C0062F9A5 /* ExportPanel.m */ = {isa = PBXFileReference; fileEncoding = 4; lastKnownFileType = sourcecode.c.objc; path = ExportPanel.m; sourceTree = "<group>"; };
		B90EC2AF1CC0BCD90062F9A5 /* Base */ = {isa = PBXFileReference; lastKnownFileType = file.xib; name = Base; path = Base.lproj/ExportPanel.xib; sourceTree = "<group>"; };
		B90EC2B21CC0BCFA0062F9A5 /* ja */ = {isa = PBXFileReference; lastKnownFileType = text.plist.strings; name = ja; path = ja.lproj/ExportPanel.strings; sourceTree = "<group>"; };
		B936FBBF1CA26AE800B86A0B /* scroll.png */ = {isa = PBXFileReference; lastKnownFileType = image.png; name = scroll.png; path = Graphics/scroll.png; sourceTree = "<group>"; };
		B936FBC01CA26AE800B86A0B /* selectArea_off.png */ = {isa = PBXFileReference; lastKnownFileType = image.png; name = selectArea_off.png; path = Graphics/selectArea_off.png; sourceTree = "<group>"; };
		B936FBC11CA26AE800B86A0B /* selectArea_on.png */ = {isa = PBXFileReference; lastKnownFileType = image.png; name = selectArea_on.png; path = Graphics/selectArea_on.png; sourceTree = "<group>"; };
		B936FBC21CA26AE800B86A0B /* selectText_off.png */ = {isa = PBXFileReference; lastKnownFileType = image.png; name = selectText_off.png; path = Graphics/selectText_off.png; sourceTree = "<group>"; };
		B936FBC31CA26AE800B86A0B /* selectText_on.png */ = {isa = PBXFileReference; lastKnownFileType = image.png; name = selectText_on.png; path = Graphics/selectText_on.png; sourceTree = "<group>"; };
		B936FBC41CA26AE800B86A0B /* zoom_off.png */ = {isa = PBXFileReference; lastKnownFileType = image.png; name = zoom_off.png; path = Graphics/zoom_off.png; sourceTree = "<group>"; };
		B936FBC51CA26AE800B86A0B /* zoom_on.png */ = {isa = PBXFileReference; lastKnownFileType = image.png; name = zoom_on.png; path = Graphics/zoom_on.png; sourceTree = "<group>"; };
		B93C5E6C1D0BCF990064F99F /* PrefWinC.h */ = {isa = PBXFileReference; fileEncoding = 4; lastKnownFileType = sourcecode.c.h; path = PrefWinC.h; sourceTree = "<group>"; };
		B93C5E6D1D0BCF990064F99F /* PrefWinC.m */ = {isa = PBXFileReference; fileEncoding = 4; lastKnownFileType = sourcecode.c.objc; path = PrefWinC.m; sourceTree = "<group>"; };
		B93D8C4E1C9E7E3900CC3202 /* CCColoredTitleButton.h */ = {isa = PBXFileReference; fileEncoding = 4; lastKnownFileType = sourcecode.c.h; path = CCColoredTitleButton.h; sourceTree = "<group>"; };
		B93D8C4F1C9E7E3900CC3202 /* CCColoredTitleButton.m */ = {isa = PBXFileReference; fileEncoding = 4; lastKnownFileType = sourcecode.c.objc; path = CCColoredTitleButton.m; sourceTree = "<group>"; };
		B93FD56D1C86D45B00B68959 /* singleCon_off.png */ = {isa = PBXFileReference; lastKnownFileType = image.png; name = singleCon_off.png; path = Graphics/singleCon_off.png; sourceTree = "<group>"; };
		B93FD56E1C86D45B00B68959 /* singleCon_on.png */ = {isa = PBXFileReference; lastKnownFileType = image.png; name = singleCon_on.png; path = Graphics/singleCon_on.png; sourceTree = "<group>"; };
		B93FD56F1C86D45B00B68959 /* singlePage_off.png */ = {isa = PBXFileReference; lastKnownFileType = image.png; name = singlePage_off.png; path = Graphics/singlePage_off.png; sourceTree = "<group>"; };
		B93FD5701C86D45B00B68959 /* singlePage_on.png */ = {isa = PBXFileReference; lastKnownFileType = image.png; name = singlePage_on.png; path = Graphics/singlePage_on.png; sourceTree = "<group>"; };
		B93FD5711C86D45B00B68959 /* twoCont_off.png */ = {isa = PBXFileReference; lastKnownFileType = image.png; name = twoCont_off.png; path = Graphics/twoCont_off.png; sourceTree = "<group>"; };
		B93FD5721C86D45B00B68959 /* twoCont_on.png */ = {isa = PBXFileReference; lastKnownFileType = image.png; name = twoCont_on.png; path = Graphics/twoCont_on.png; sourceTree = "<group>"; };
		B93FD5731C86D45B00B68959 /* twoUp_off.png */ = {isa = PBXFileReference; lastKnownFileType = image.png; name = twoUp_off.png; path = Graphics/twoUp_off.png; sourceTree = "<group>"; };
		B93FD5741C86D45B00B68959 /* twoUp_on.png */ = {isa = PBXFileReference; lastKnownFileType = image.png; name = twoUp_on.png; path = Graphics/twoUp_on.png; sourceTree = "<group>"; };
		B93FD5A41C872C0A00B68959 /* fitToWindow.png */ = {isa = PBXFileReference; lastKnownFileType = image.png; name = fitToWindow.png; path = Graphics/fitToWindow.png; sourceTree = "<group>"; };
		B93FD5A51C872C0A00B68959 /* zoomIn.png */ = {isa = PBXFileReference; lastKnownFileType = image.png; name = zoomIn.png; path = Graphics/zoomIn.png; sourceTree = "<group>"; };
		B93FD5A61C872C0A00B68959 /* zoomOut.png */ = {isa = PBXFileReference; lastKnownFileType = image.png; name = zoomOut.png; path = Graphics/zoomOut.png; sourceTree = "<group>"; };
		B94605781C80958B00953468 /* ja */ = {isa = PBXFileReference; lastKnownFileType = text.plist.strings; name = ja; path = ja.lproj/MergePDFWin.strings; sourceTree = "<group>"; };
		B951BD601C719DD0007B9359 /* Sao's PDF Kit.app */ = {isa = PBXFileReference; explicitFileType = wrapper.application; includeInIndex = 0; path = "Sao's PDF Kit.app"; sourceTree = BUILT_PRODUCTS_DIR; };
		B951BD631C719DD0007B9359 /* AppDelegate.h */ = {isa = PBXFileReference; lastKnownFileType = sourcecode.c.h; path = AppDelegate.h; sourceTree = "<group>"; };
		B951BD641C719DD0007B9359 /* AppDelegate.m */ = {isa = PBXFileReference; lastKnownFileType = sourcecode.c.objc; path = AppDelegate.m; sourceTree = "<group>"; };
		B951BD671C719DD0007B9359 /* main.m */ = {isa = PBXFileReference; lastKnownFileType = sourcecode.c.objc; path = main.m; sourceTree = "<group>"; };
		B951BD691C719DD0007B9359 /* Document.h */ = {isa = PBXFileReference; lastKnownFileType = sourcecode.c.h; path = Document.h; sourceTree = "<group>"; };
		B951BD6A1C719DD0007B9359 /* Document.m */ = {isa = PBXFileReference; lastKnownFileType = sourcecode.c.objc; path = Document.m; sourceTree = "<group>"; };
		B951BD6D1C719DD0007B9359 /* Base */ = {isa = PBXFileReference; lastKnownFileType = file.xib; name = Base; path = Base.lproj/Document.xib; sourceTree = "<group>"; };
		B951BD6F1C719DD0007B9359 /* Assets.xcassets */ = {isa = PBXFileReference; lastKnownFileType = folder.assetcatalog; path = Assets.xcassets; sourceTree = "<group>"; };
		B951BD721C719DD0007B9359 /* Base */ = {isa = PBXFileReference; lastKnownFileType = file.xib; name = Base; path = Base.lproj/MainMenu.xib; sourceTree = "<group>"; };
		B951BD7C1C719E7E007B9359 /* ja */ = {isa = PBXFileReference; lastKnownFileType = text.plist.strings; name = ja; path = ja.lproj/Document.strings; sourceTree = "<group>"; };
		B951BD7D1C719E7E007B9359 /* ja */ = {isa = PBXFileReference; lastKnownFileType = text.plist.strings; name = ja; path = ja.lproj/MainMenu.strings; sourceTree = "<group>"; };
		B951BD7E1C71A8FC007B9359 /* MergePDFWin.h */ = {isa = PBXFileReference; fileEncoding = 4; lastKnownFileType = sourcecode.c.h; path = MergePDFWin.h; sourceTree = "<group>"; };
		B951BD7F1C71A8FC007B9359 /* MergePDFWin.m */ = {isa = PBXFileReference; fileEncoding = 4; lastKnownFileType = sourcecode.c.objc; path = MergePDFWin.m; sourceTree = "<group>"; };
		B951BD841C71A920007B9359 /* Base */ = {isa = PBXFileReference; lastKnownFileType = file.xib; name = Base; path = Base.lproj/MergePDFWin.xib; sourceTree = "<group>"; };
		B951BD881C71C1FE007B9359 /* Quartz.framework */ = {isa = PBXFileReference; lastKnownFileType = wrapper.framework; name = Quartz.framework; path = System/Library/Frameworks/Quartz.framework; sourceTree = SDKROOT; };
		B951BD8A1C71C2A4007B9359 /* btnAdd.png */ = {isa = PBXFileReference; lastKnownFileType = image.png; name = btnAdd.png; path = Graphics/btnAdd.png; sourceTree = "<group>"; };
		B951BD8B1C71C2A5007B9359 /* btnClear.png */ = {isa = PBXFileReference; lastKnownFileType = image.png; name = btnClear.png; path = Graphics/btnClear.png; sourceTree = "<group>"; };
		B951BD8C1C71C2A5007B9359 /* btnRemove.png */ = {isa = PBXFileReference; lastKnownFileType = image.png; name = btnRemove.png; path = Graphics/btnRemove.png; sourceTree = "<group>"; };
		B951BD8D1C71C2A5007B9359 /* btnRestore.png */ = {isa = PBXFileReference; lastKnownFileType = image.png; name = btnRestore.png; path = Graphics/btnRestore.png; sourceTree = "<group>"; };
		B951BD8E1C71C2A5007B9359 /* btnSave.png */ = {isa = PBXFileReference; lastKnownFileType = image.png; name = btnSave.png; path = Graphics/btnSave.png; sourceTree = "<group>"; };
		B951BD8F1C71C2A5007B9359 /* vline.png */ = {isa = PBXFileReference; lastKnownFileType = image.png; name = vline.png; path = Graphics/vline.png; sourceTree = "<group>"; };
		B951BD971C71C58D007B9359 /* CCBackGroundView.h */ = {isa = PBXFileReference; fileEncoding = 4; lastKnownFileType = sourcecode.c.h; path = CCBackGroundView.h; sourceTree = "<group>"; };
		B951BD981C71C58D007B9359 /* CCBackGroundView.m */ = {isa = PBXFileReference; fileEncoding = 4; lastKnownFileType = sourcecode.c.objc; path = CCBackGroundView.m; sourceTree = "<group>"; };
		B951BD991C71C58D007B9359 /* CCClearWin.h */ = {isa = PBXFileReference; fileEncoding = 4; lastKnownFileType = sourcecode.c.h; path = CCClearWin.h; sourceTree = "<group>"; };
		B951BD9A1C71C58D007B9359 /* CCClearWin.m */ = {isa = PBXFileReference; fileEncoding = 4; lastKnownFileType = sourcecode.c.objc; path = CCClearWin.m; sourceTree = "<group>"; };
		B951BDA21C71C759007B9359 /* PDFLst.array */ = {isa = PBXFileReference; fileEncoding = 4; lastKnownFileType = text.xml; name = PDFLst.array; path = Resources/PDFLst.array; sourceTree = "<group>"; };
		B951BDA41C71DB23007B9359 /* ErrLstController.h */ = {isa = PBXFileReference; fileEncoding = 4; lastKnownFileType = sourcecode.c.h; path = ErrLstController.h; sourceTree = "<group>"; };
		B951BDA51C71DB23007B9359 /* ErrLstController.m */ = {isa = PBXFileReference; fileEncoding = 4; lastKnownFileType = sourcecode.c.objc; path = ErrLstController.m; sourceTree = "<group>"; };
		B95DD1DC1C7C602C002F1936 /* Base */ = {isa = PBXFileReference; lastKnownFileType = text.plist.strings; name = Base; path = Base.lproj/Localizable.strings; sourceTree = "<group>"; };
		B95DD1DE1C7C6035002F1936 /* ja */ = {isa = PBXFileReference; lastKnownFileType = text.plist.strings; name = ja; path = ja.lproj/Localizable.strings; sourceTree = "<group>"; };
		B95DD1DF1C7C6069002F1936 /* Base */ = {isa = PBXFileReference; lastKnownFileType = text.plist.xml; name = Base; path = Base.lproj/Info.plist; sourceTree = "<group>"; };
		B95DD1E11C7C606C002F1936 /* ja */ = {isa = PBXFileReference; lastKnownFileType = text.plist.xml; name = ja; path = ja.lproj/Info.plist; sourceTree = "<group>"; };
		B95FEAC41CCA615A00FC91FF /* CCFormatter.h */ = {isa = PBXFileReference; fileEncoding = 4; lastKnownFileType = sourcecode.c.h; path = CCFormatter.h; sourceTree = "<group>"; };
		B95FEAC51CCA615A00FC91FF /* CCFormatter.m */ = {isa = PBXFileReference; fileEncoding = 4; lastKnownFileType = sourcecode.c.objc; path = CCFormatter.m; sourceTree = "<group>"; };
		B96EE77D1C818A630063C7A2 /* goBack.png */ = {isa = PBXFileReference; lastKnownFileType = image.png; name = goBack.png; path = Graphics/goBack.png; sourceTree = "<group>"; };
		B96EE77E1C818A630063C7A2 /* goForward.png */ = {isa = PBXFileReference; lastKnownFileType = image.png; name = goForward.png; path = Graphics/goForward.png; sourceTree = "<group>"; };
		B96EE77F1C818A630063C7A2 /* goLast.png */ = {isa = PBXFileReference; lastKnownFileType = image.png; name = goLast.png; path = Graphics/goLast.png; sourceTree = "<group>"; };
		B96EE7801C818A630063C7A2 /* goNext.png */ = {isa = PBXFileReference; lastKnownFileType = image.png; name = goNext.png; path = Graphics/goNext.png; sourceTree = "<group>"; };
		B96EE7811C818A630063C7A2 /* goPrev.png */ = {isa = PBXFileReference; lastKnownFileType = image.png; name = goPrev.png; path = Graphics/goPrev.png; sourceTree = "<group>"; };
		B96EE7821C818A630063C7A2 /* goTop.png */ = {isa = PBXFileReference; lastKnownFileType = image.png; name = goTop.png; path = Graphics/goTop.png; sourceTree = "<group>"; };
		B97F40321CA5FBE2006CCEA4 /* NSAlert+SynchronousSheet.h */ = {isa = PBXFileReference; fileEncoding = 4; lastKnownFileType = sourcecode.c.h; path = "NSAlert+SynchronousSheet.h"; sourceTree = "<group>"; };
		B97F40331CA5FBE2006CCEA4 /* NSAlert+SynchronousSheet.m */ = {isa = PBXFileReference; fileEncoding = 4; lastKnownFileType = sourcecode.c.objc; path = "NSAlert+SynchronousSheet.m"; sourceTree = "<group>"; };
		B97F40351CA5FCE0006CCEA4 /* SplitPanel.h */ = {isa = PBXFileReference; fileEncoding = 4; lastKnownFileType = sourcecode.c.h; path = SplitPanel.h; sourceTree = "<group>"; };
		B97F40361CA5FCE0006CCEA4 /* SplitPanel.m */ = {isa = PBXFileReference; fileEncoding = 4; lastKnownFileType = sourcecode.c.objc; path = SplitPanel.m; sourceTree = "<group>"; };
		B97F403C1CA61E27006CCEA4 /* Base */ = {isa = PBXFileReference; lastKnownFileType = file.xib; name = Base; path = Base.lproj/SplitPanel.xib; sourceTree = "<group>"; };
		B97F403F1CA61E36006CCEA4 /* ja */ = {isa = PBXFileReference; lastKnownFileType = text.plist.strings; name = ja; path = ja.lproj/SplitPanel.strings; sourceTree = "<group>"; };
		B97F40431CA65448006CCEA4 /* QuartzCore.framework */ = {isa = PBXFileReference; lastKnownFileType = wrapper.framework; name = QuartzCore.framework; path = System/Library/Frameworks/QuartzCore.framework; sourceTree = SDKROOT; };
		B97F40451CA666FA006CCEA4 /* RemovePanel.h */ = {isa = PBXFileReference; fileEncoding = 4; lastKnownFileType = sourcecode.c.h; path = RemovePanel.h; sourceTree = "<group>"; };
		B97F40461CA666FA006CCEA4 /* RemovePanel.m */ = {isa = PBXFileReference; fileEncoding = 4; lastKnownFileType = sourcecode.c.objc; path = RemovePanel.m; sourceTree = "<group>"; };
		B97F404C1CA66E1A006CCEA4 /* Base */ = {isa = PBXFileReference; lastKnownFileType = file.xib; name = Base; path = Base.lproj/RemovePanel.xib; sourceTree = "<group>"; };
		B97F404F1CA66E2F006CCEA4 /* ja */ = {isa = PBXFileReference; lastKnownFileType = text.plist.strings; name = ja; path = ja.lproj/RemovePanel.strings; sourceTree = "<group>"; };
		B98CA6DF1C7615A1008C3E89 /* MyWinC.h */ = {isa = PBXFileReference; fileEncoding = 4; lastKnownFileType = sourcecode.c.h; path = MyWinC.h; sourceTree = "<group>"; };
		B98CA6E01C7615A1008C3E89 /* MyWinC.m */ = {isa = PBXFileReference; fileEncoding = 4; lastKnownFileType = sourcecode.c.objc; path = MyWinC.m; sourceTree = "<group>"; };
		B997BF9A1CAF75A30022C246 /* TxtPanel.h */ = {isa = PBXFileReference; fileEncoding = 4; lastKnownFileType = sourcecode.c.h; path = TxtPanel.h; sourceTree = "<group>"; };
		B997BF9B1CAF75A30022C246 /* TxtPanel.m */ = {isa = PBXFileReference; fileEncoding = 4; lastKnownFileType = sourcecode.c.objc; path = TxtPanel.m; sourceTree = "<group>"; };
		B997BFA91CAFED970022C246 /* Base */ = {isa = PBXFileReference; lastKnownFileType = file.xib; name = Base; path = Base.lproj/TxtPanel.xib; sourceTree = "<group>"; };
		B997BFAC1CAFEDA20022C246 /* ja */ = {isa = PBXFileReference; lastKnownFileType = text.plist.strings; name = ja; path = ja.lproj/TxtPanel.strings; sourceTree = "<group>"; };
		B99C9D1E1E4EBE2C000F1D3D /* Base */ = {isa = PBXFileReference; lastKnownFileType = folder; name = Base; path = Base.lproj/SPK.help; sourceTree = "<group>"; };
		B99C9D201E4EBE66000F1D3D /* ja */ = {isa = PBXFileReference; lastKnownFileType = folder; name = ja; path = ja.lproj/SPK.help; sourceTree = "<group>"; };
		B99FBCF51CAF3D7C00DAF769 /* MyOLView.h */ = {isa = PBXFileReference; fileEncoding = 4; lastKnownFileType = sourcecode.c.h; path = MyOLView.h; sourceTree = "<group>"; };
		B99FBCF61CAF3D7C00DAF769 /* MyOLView.m */ = {isa = PBXFileReference; fileEncoding = 4; lastKnownFileType = sourcecode.c.objc; path = MyOLView.m; sourceTree = "<group>"; };
		B9A2FF1A1C79730B00E39B57 /* MyPDFView.h */ = {isa = PBXFileReference; fileEncoding = 4; lastKnownFileType = sourcecode.c.h; path = MyPDFView.h; sourceTree = "<group>"; };
		B9A2FF1B1C79730B00E39B57 /* MyPDFView.m */ = {isa = PBXFileReference; fileEncoding = 4; lastKnownFileType = sourcecode.c.objc; path = MyPDFView.m; sourceTree = "<group>"; };
		B9A8C9681C916C10008A2DEB /* OLController.h */ = {isa = PBXFileReference; fileEncoding = 4; lastKnownFileType = sourcecode.c.h; path = OLController.h; sourceTree = "<group>"; };
		B9A8C9691C916C10008A2DEB /* OLController.m */ = {isa = PBXFileReference; fileEncoding = 4; lastKnownFileType = sourcecode.c.objc; path = OLController.m; sourceTree = "<group>"; };
		B9B179D61E4F6883003BB3B1 /* appIcon_32.xcf */ = {isa = PBXFileReference; lastKnownFileType = file; name = appIcon_32.xcf; path = Graphics/appIcon_32.xcf; sourceTree = "<group>"; };
		B9B179D71E4F6883003BB3B1 /* appIcon_64.xcf */ = {isa = PBXFileReference; lastKnownFileType = file; name = appIcon_64.xcf; path = Graphics/appIcon_64.xcf; sourceTree = "<group>"; };
		B9B179D81E4F6883003BB3B1 /* appIcon.xcf */ = {isa = PBXFileReference; lastKnownFileType = file; name = appIcon.xcf; path = Graphics/appIcon.xcf; sourceTree = "<group>"; };
		B9C45DAD1CADFC9F00683937 /* resizeb.png */ = {isa = PBXFileReference; lastKnownFileType = image.png; name = resizeb.png; path = Graphics/resizeb.png; sourceTree = "<group>"; };
		B9C45DAE1CADFC9F00683937 /* resizef.png */ = {isa = PBXFileReference; lastKnownFileType = image.png; name = resizef.png; path = Graphics/resizef.png; sourceTree = "<group>"; };
		B9C5856E1C92963400243A38 /* BMPanel.h */ = {isa = PBXFileReference; fileEncoding = 4; lastKnownFileType = sourcecode.c.h; path = BMPanel.h; sourceTree = "<group>"; };
		B9C5856F1C92963400243A38 /* BMPanel.m */ = {isa = PBXFileReference; fileEncoding = 4; lastKnownFileType = sourcecode.c.objc; path = BMPanel.m; sourceTree = "<group>"; };
		B9C585751C92A3D100243A38 /* Base */ = {isa = PBXFileReference; lastKnownFileType = file.xib; name = Base; path = Base.lproj/BMPanel.xib; sourceTree = "<group>"; };
		B9C585781C92A3DF00243A38 /* ja */ = {isa = PBXFileReference; lastKnownFileType = text.plist.strings; name = ja; path = ja.lproj/BMPanel.strings; sourceTree = "<group>"; };
		B9CA97A81CCBA7FC00B2E5F6 /* Base */ = {isa = PBXFileReference; lastKnownFileType = file.xib; name = Base; path = Base.lproj/EncryptPanel.xib; sourceTree = "<group>"; };
		B9CA97AB1CCBA80E00B2E5F6 /* ja */ = {isa = PBXFileReference; lastKnownFileType = text.plist.strings; name = ja; path = ja.lproj/EncryptPanel.strings; sourceTree = "<group>"; };
		B9E3981F1CC5BB290018DC88 /* InfoPanel.h */ = {isa = PBXFileReference; fileEncoding = 4; lastKnownFileType = sourcecode.c.h; path = InfoPanel.h; sourceTree = "<group>"; };
		B9E398201CC5BB290018DC88 /* InfoPanel.m */ = {isa = PBXFileReference; fileEncoding = 4; lastKnownFileType = sourcecode.c.objc; path = InfoPanel.m; sourceTree = "<group>"; };
		B9E51F0F1CC845C8004F002E /* lock.png */ = {isa = PBXFileReference; lastKnownFileType = image.png; name = lock.png; path = Graphics/lock.png; sourceTree = "<group>"; };
		B9E51F101CC845C9004F002E /* unlock.png */ = {isa = PBXFileReference; lastKnownFileType = image.png; name = unlock.png; path = Graphics/unlock.png; sourceTree = "<group>"; };
		B9E51F161CC84708004F002E /* EncryptPanel.h */ = {isa = PBXFileReference; fileEncoding = 4; lastKnownFileType = sourcecode.c.h; path = EncryptPanel.h; sourceTree = "<group>"; };
		B9E51F171CC84708004F002E /* EncryptPanel.m */ = {isa = PBXFileReference; fileEncoding = 4; lastKnownFileType = sourcecode.c.objc; path = EncryptPanel.m; sourceTree = "<group>"; };
		B9E51F1C1CC87D3F004F002E /* Base */ = {isa = PBXFileReference; lastKnownFileType = file.xib; name = Base; path = Base.lproj/InfoPanel.xib; sourceTree = "<group>"; };
		B9E51F1F1CC87D57004F002E /* ja */ = {isa = PBXFileReference; lastKnownFileType = text.plist.strings; name = ja; path = ja.lproj/InfoPanel.strings; sourceTree = "<group>"; };
		B9F1E24A1CA8975100AFAA6F /* HandScrollView.h */ = {isa = PBXFileReference; fileEncoding = 4; lastKnownFileType = sourcecode.c.h; path = HandScrollView.h; sourceTree = "<group>"; };
		B9F1E24B1CA8975100AFAA6F /* HandScrollView.m */ = {isa = PBXFileReference; fileEncoding = 4; lastKnownFileType = sourcecode.c.objc; path = HandScrollView.m; sourceTree = "<group>"; };
		B9F1E24C1CA8975100AFAA6F /* ZoomView.h */ = {isa = PBXFileReference; fileEncoding = 4; lastKnownFileType = sourcecode.c.h; path = ZoomView.h; sourceTree = "<group>"; };
		B9F1E24D1CA8975100AFAA6F /* ZoomView.m */ = {isa = PBXFileReference; fileEncoding = 4; lastKnownFileType = sourcecode.c.objc; path = ZoomView.m; sourceTree = "<group>"; };
		B9F1E2511CA89C2300AFAA6F /* cZoom.png */ = {isa = PBXFileReference; lastKnownFileType = image.png; name = cZoom.png; path = Graphics/cZoom.png; sourceTree = "<group>"; };
		B9F1E2521CA89C2400AFAA6F /* cZoomIn.png */ = {isa = PBXFileReference; lastKnownFileType = image.png; name = cZoomIn.png; path = Graphics/cZoomIn.png; sourceTree = "<group>"; };
		B9F1E2531CA89C2400AFAA6F /* cZoomOut.png */ = {isa = PBXFileReference; lastKnownFileType = image.png; name = cZoomOut.png; path = Graphics/cZoomOut.png; sourceTree = "<group>"; };
/* End PBXFileReference section */

/* Begin PBXFrameworksBuildPhase section */
		B951BD5D1C719DD0007B9359 /* Frameworks */ = {
			isa = PBXFrameworksBuildPhase;
			buildActionMask = 2147483647;
			files = (
				B97F40441CA65448006CCEA4 /* QuartzCore.framework in Frameworks */,
				B951BD891C71C1FE007B9359 /* Quartz.framework in Frameworks */,
			);
			runOnlyForDeploymentPostprocessing = 0;
		};
/* End PBXFrameworksBuildPhase section */

/* Begin PBXGroup section */
		B90EC2AD1CC0AC450062F9A5 /* ExportPanel */ = {
			isa = PBXGroup;
			children = (
				B90EC2B01CC0BCD90062F9A5 /* ExportPanel.xib */,
				B90EC2A81CC0AC3C0062F9A5 /* ExportPanel.h */,
				B90EC2A91CC0AC3C0062F9A5 /* ExportPanel.m */,
			);
			name = ExportPanel;
			sourceTree = "<group>";
		};
		B93C5E6B1D0BCDFE0064F99F /* PrefWin */ = {
			isa = PBXGroup;
			children = (
				B905BD011D0DA27E00E8A438 /* PrefWinC.xib */,
				B93C5E6C1D0BCF990064F99F /* PrefWinC.h */,
				B93C5E6D1D0BCF990064F99F /* PrefWinC.m */,
			);
			name = PrefWin;
			sourceTree = "<group>";
		};
		B951BD571C719DD0007B9359 = {
			isa = PBXGroup;
			children = (
				B951BD621C719DD0007B9359 /* Sao's PDF Kit */,
				B951BD9D1C71C6AE007B9359 /* Frameworks */,
				B951BD611C719DD0007B9359 /* Products */,
			);
			sourceTree = "<group>";
		};
		B951BD611C719DD0007B9359 /* Products */ = {
			isa = PBXGroup;
			children = (
				B951BD601C719DD0007B9359 /* Sao's PDF Kit.app */,
			);
			name = Products;
			sourceTree = "<group>";
		};
		B951BD621C719DD0007B9359 /* Sao's PDF Kit */ = {
			isa = PBXGroup;
			children = (
				B951BD631C719DD0007B9359 /* AppDelegate.h */,
				B951BD641C719DD0007B9359 /* AppDelegate.m */,
				B951BD711C719DD0007B9359 /* MainMenu.xib */,
				B98CA6DE1C761548008C3E89 /* Document */,
				B93C5E6B1D0BCDFE0064F99F /* PrefWin */,
				B9E51F151CC846DA004F002E /* EncryptPanel */,
				B9E398241CC5BB350018DC88 /* InfoPanel */,
				B90EC2AD1CC0AC450062F9A5 /* ExportPanel */,
				B9C585731C92965500243A38 /* BMPanel */,
				B97F403A1CA5FCEE006CCEA4 /* SplitPanel */,
				B97F404A1CA66708006CCEA4 /* RemovePanel */,
				B997BF9F1CAF75C80022C246 /* TxtPanel */,
				B951BD7B1C719E15007B9359 /* Merge PDF Win */,
				B951BD6F1C719DD0007B9359 /* Assets.xcassets */,
				B951BD961C71C53B007B9359 /* Custom Class */,
				B951BD9F1C71C714007B9359 /* Resources */,
				B951BD7A1C719E0C007B9359 /* Graphics */,
				B951BD661C719DD0007B9359 /* Supporting Files */,
			);
			name = "Sao's PDF Kit";
			path = "PDF Kit";
			sourceTree = "<group>";
		};
		B951BD661C719DD0007B9359 /* Supporting Files */ = {
			isa = PBXGroup;
			children = (
				B99C9D1D1E4EBE2B000F1D3D /* SPK.help */,
				B951BD671C719DD0007B9359 /* main.m */,
				B97F40321CA5FBE2006CCEA4 /* NSAlert+SynchronousSheet.h */,
				B97F40331CA5FBE2006CCEA4 /* NSAlert+SynchronousSheet.m */,
				B95DD1E01C7C6069002F1936 /* Info.plist */,
				B95DD1DB1C7C602C002F1936 /* Localizable.strings */,
			);
			name = "Supporting Files";
			sourceTree = "<group>";
		};
		B951BD7A1C719E0C007B9359 /* Graphics */ = {
			isa = PBXGroup;
			children = (
				B9B179D61E4F6883003BB3B1 /* appIcon_32.xcf */,
				B9B179D71E4F6883003BB3B1 /* appIcon_64.xcf */,
				B9B179D81E4F6883003BB3B1 /* appIcon.xcf */,
				B9E51F0F1CC845C8004F002E /* lock.png */,
				B9E51F101CC845C9004F002E /* unlock.png */,
				B9C45DAD1CADFC9F00683937 /* resizeb.png */,
				B9C45DAE1CADFC9F00683937 /* resizef.png */,
				B9F1E2511CA89C2300AFAA6F /* cZoom.png */,
				B9F1E2521CA89C2400AFAA6F /* cZoomIn.png */,
				B9F1E2531CA89C2400AFAA6F /* cZoomOut.png */,
				B936FBBF1CA26AE800B86A0B /* scroll.png */,
				B936FBC01CA26AE800B86A0B /* selectArea_off.png */,
				B936FBC11CA26AE800B86A0B /* selectArea_on.png */,
				B936FBC21CA26AE800B86A0B /* selectText_off.png */,
				B936FBC31CA26AE800B86A0B /* selectText_on.png */,
				B936FBC41CA26AE800B86A0B /* zoom_off.png */,
				B936FBC51CA26AE800B86A0B /* zoom_on.png */,
				B93FD5A41C872C0A00B68959 /* fitToWindow.png */,
				B93FD5A51C872C0A00B68959 /* zoomIn.png */,
				B93FD5A61C872C0A00B68959 /* zoomOut.png */,
				B93FD56D1C86D45B00B68959 /* singleCon_off.png */,
				B93FD56E1C86D45B00B68959 /* singleCon_on.png */,
				B93FD56F1C86D45B00B68959 /* singlePage_off.png */,
				B93FD5701C86D45B00B68959 /* singlePage_on.png */,
				B93FD5711C86D45B00B68959 /* twoCont_off.png */,
				B93FD5721C86D45B00B68959 /* twoCont_on.png */,
				B93FD5731C86D45B00B68959 /* twoUp_off.png */,
				B93FD5741C86D45B00B68959 /* twoUp_on.png */,
				B907C4B61C848A440019F247 /* sidebar.png */,
				B96EE77D1C818A630063C7A2 /* goBack.png */,
				B96EE77E1C818A630063C7A2 /* goForward.png */,
				B96EE77F1C818A630063C7A2 /* goLast.png */,
				B96EE7801C818A630063C7A2 /* goNext.png */,
				B96EE7811C818A630063C7A2 /* goPrev.png */,
				B96EE7821C818A630063C7A2 /* goTop.png */,
				B951BD8A1C71C2A4007B9359 /* btnAdd.png */,
				B951BD8B1C71C2A5007B9359 /* btnClear.png */,
				B951BD8C1C71C2A5007B9359 /* btnRemove.png */,
				B951BD8D1C71C2A5007B9359 /* btnRestore.png */,
				B951BD8E1C71C2A5007B9359 /* btnSave.png */,
				B951BD8F1C71C2A5007B9359 /* vline.png */,
			);
			name = Graphics;
			sourceTree = "<group>";
		};
		B951BD7B1C719E15007B9359 /* Merge PDF Win */ = {
			isa = PBXGroup;
			children = (
				B951BD851C71A920007B9359 /* MergePDFWin.xib */,
				B951BD7E1C71A8FC007B9359 /* MergePDFWin.h */,
				B951BD7F1C71A8FC007B9359 /* MergePDFWin.m */,
				B951BDA41C71DB23007B9359 /* ErrLstController.h */,
				B951BDA51C71DB23007B9359 /* ErrLstController.m */,
			);
			name = "Merge PDF Win";
			sourceTree = "<group>";
		};
		B951BD961C71C53B007B9359 /* Custom Class */ = {
			isa = PBXGroup;
			children = (
				B90C05DE1CD021E90085D918 /* MaxLenxFormatter.h */,
				B90C05DF1CD021E90085D918 /* MaxLenxFormatter.m */,
				B93D8C4E1C9E7E3900CC3202 /* CCColoredTitleButton.h */,
				B93D8C4F1C9E7E3900CC3202 /* CCColoredTitleButton.m */,
				B951BD971C71C58D007B9359 /* CCBackGroundView.h */,
				B951BD981C71C58D007B9359 /* CCBackGroundView.m */,
				B951BD991C71C58D007B9359 /* CCClearWin.h */,
				B951BD9A1C71C58D007B9359 /* CCClearWin.m */,
				B95FEAC41CCA615A00FC91FF /* CCFormatter.h */,
				B95FEAC51CCA615A00FC91FF /* CCFormatter.m */,
			);
			name = "Custom Class";
			sourceTree = "<group>";
		};
		B951BD9D1C71C6AE007B9359 /* Frameworks */ = {
			isa = PBXGroup;
			children = (
				B951BD9E1C71C6C6007B9359 /* Linked Frameworks */,
			);
			name = Frameworks;
			sourceTree = "<group>";
		};
		B951BD9E1C71C6C6007B9359 /* Linked Frameworks */ = {
			isa = PBXGroup;
			children = (
				B97F40431CA65448006CCEA4 /* QuartzCore.framework */,
				B951BD881C71C1FE007B9359 /* Quartz.framework */,
			);
			name = "Linked Frameworks";
			sourceTree = "<group>";
		};
		B951BD9F1C71C714007B9359 /* Resources */ = {
			isa = PBXGroup;
			children = (
				B951BDA21C71C759007B9359 /* PDFLst.array */,
			);
			name = Resources;
			sourceTree = "<group>";
		};
		B97F403A1CA5FCEE006CCEA4 /* SplitPanel */ = {
			isa = PBXGroup;
			children = (
				B97F403D1CA61E27006CCEA4 /* SplitPanel.xib */,
				B97F40351CA5FCE0006CCEA4 /* SplitPanel.h */,
				B97F40361CA5FCE0006CCEA4 /* SplitPanel.m */,
			);
			name = SplitPanel;
			sourceTree = "<group>";
		};
		B97F404A1CA66708006CCEA4 /* RemovePanel */ = {
			isa = PBXGroup;
			children = (
				B97F404D1CA66E1A006CCEA4 /* RemovePanel.xib */,
				B97F40451CA666FA006CCEA4 /* RemovePanel.h */,
				B97F40461CA666FA006CCEA4 /* RemovePanel.m */,
			);
			name = RemovePanel;
			sourceTree = "<group>";
		};
		B98CA6DE1C761548008C3E89 /* Document */ = {
			isa = PBXGroup;
			children = (
				B951BD6C1C719DD0007B9359 /* Document.xib */,
				B951BD691C719DD0007B9359 /* Document.h */,
				B951BD6A1C719DD0007B9359 /* Document.m */,
				B98CA6DF1C7615A1008C3E89 /* MyWinC.h */,
				B98CA6E01C7615A1008C3E89 /* MyWinC.m */,
				B9A8C9681C916C10008A2DEB /* OLController.h */,
				B9A8C9691C916C10008A2DEB /* OLController.m */,
				B99FBCF51CAF3D7C00DAF769 /* MyOLView.h */,
				B99FBCF61CAF3D7C00DAF769 /* MyOLView.m */,
				B9A2FF1A1C79730B00E39B57 /* MyPDFView.h */,
				B9A2FF1B1C79730B00E39B57 /* MyPDFView.m */,
				B9F1E24A1CA8975100AFAA6F /* HandScrollView.h */,
				B9F1E24B1CA8975100AFAA6F /* HandScrollView.m */,
				B9F1E24C1CA8975100AFAA6F /* ZoomView.h */,
				B9F1E24D1CA8975100AFAA6F /* ZoomView.m */,
			);
			name = Document;
			sourceTree = "<group>";
		};
		B997BF9F1CAF75C80022C246 /* TxtPanel */ = {
			isa = PBXGroup;
			children = (
				B997BFAA1CAFED970022C246 /* TxtPanel.xib */,
				B997BF9A1CAF75A30022C246 /* TxtPanel.h */,
				B997BF9B1CAF75A30022C246 /* TxtPanel.m */,
			);
			name = TxtPanel;
			sourceTree = "<group>";
		};
		B9C585731C92965500243A38 /* BMPanel */ = {
			isa = PBXGroup;
			children = (
				B9C585761C92A3D100243A38 /* BMPanel.xib */,
				B9C5856E1C92963400243A38 /* BMPanel.h */,
				B9C5856F1C92963400243A38 /* BMPanel.m */,
			);
			name = BMPanel;
			sourceTree = "<group>";
		};
		B9E398241CC5BB350018DC88 /* InfoPanel */ = {
			isa = PBXGroup;
			children = (
				B9E51F1D1CC87D3F004F002E /* InfoPanel.xib */,
				B9E3981F1CC5BB290018DC88 /* InfoPanel.h */,
				B9E398201CC5BB290018DC88 /* InfoPanel.m */,
			);
			name = InfoPanel;
			sourceTree = "<group>";
		};
		B9E51F151CC846DA004F002E /* EncryptPanel */ = {
			isa = PBXGroup;
			children = (
				B9CA97A91CCBA7FC00B2E5F6 /* EncryptPanel.xib */,
				B9E51F161CC84708004F002E /* EncryptPanel.h */,
				B9E51F171CC84708004F002E /* EncryptPanel.m */,
			);
			name = EncryptPanel;
			sourceTree = "<group>";
		};
/* End PBXGroup section */

/* Begin PBXNativeTarget section */
		B951BD5F1C719DD0007B9359 /* Sao's PDF Kit */ = {
			isa = PBXNativeTarget;
			buildConfigurationList = B951BD771C719DD0007B9359 /* Build configuration list for PBXNativeTarget "Sao's PDF Kit" */;
			buildPhases = (
				B951BD5C1C719DD0007B9359 /* Sources */,
				B951BD5D1C719DD0007B9359 /* Frameworks */,
				B951BD5E1C719DD0007B9359 /* Resources */,
			);
			buildRules = (
			);
			dependencies = (
			);
			name = "Sao's PDF Kit";
			productName = "PDF Kit";
			productReference = B951BD601C719DD0007B9359 /* Sao's PDF Kit.app */;
			productType = "com.apple.product-type.application";
		};
/* End PBXNativeTarget section */

/* Begin PBXProject section */
		B951BD581C719DD0007B9359 /* Project object */ = {
			isa = PBXProject;
			attributes = {
				LastUpgradeCheck = 0800;
				ORGANIZATIONNAME = "河野 さおり";
				TargetAttributes = {
					B951BD5F1C719DD0007B9359 = {
						CreatedOnToolsVersion = 7.2.1;
						DevelopmentTeam = 7J39U2W87Z;
						ProvisioningStyle = Automatic;
					};
				};
			};
			buildConfigurationList = B951BD5B1C719DD0007B9359 /* Build configuration list for PBXProject "Sao's PDF Kit" */;
			compatibilityVersion = "Xcode 3.2";
			developmentRegion = English;
			hasScannedForEncodings = 0;
			knownRegions = (
				en,
				Base,
				ja,
			);
			mainGroup = B951BD571C719DD0007B9359;
			productRefGroup = B951BD611C719DD0007B9359 /* Products */;
			projectDirPath = "";
			projectRoot = "";
			targets = (
				B951BD5F1C719DD0007B9359 /* Sao's PDF Kit */,
			);
		};
/* End PBXProject section */

/* Begin PBXResourcesBuildPhase section */
		B951BD5E1C719DD0007B9359 /* Resources */ = {
			isa = PBXResourcesBuildPhase;
			buildActionMask = 2147483647;
			files = (
				B951BD831C71A920007B9359 /* MergePDFWin.xib in Resources */,
				B936FBC81CA26AE800B86A0B /* selectArea_on.png in Resources */,
				B95DD1DD1C7C602C002F1936 /* Localizable.strings in Resources */,
				B96EE7861C818A630063C7A2 /* goNext.png in Resources */,
				B93FD5A81C872C0A00B68959 /* zoomIn.png in Resources */,
				B96EE7881C818A630063C7A2 /* goTop.png in Resources */,
				B93FD5751C86D45B00B68959 /* singleCon_off.png in Resources */,
				B951BD931C71C2A5007B9359 /* btnRestore.png in Resources */,
				B951BD701C719DD0007B9359 /* Assets.xcassets in Resources */,
				B951BD6E1C719DD0007B9359 /* Document.xib in Resources */,
				B9E51F1B1CC87D3F004F002E /* InfoPanel.xib in Resources */,
				B936FBCB1CA26AE800B86A0B /* zoom_off.png in Resources */,
				B9F1E2561CA89C2400AFAA6F /* cZoomOut.png in Resources */,
				B99C9D1F1E4EBE2C000F1D3D /* SPK.help in Resources */,
				B9E51F121CC845C9004F002E /* unlock.png in Resources */,
				B93FD5771C86D45B00B68959 /* singlePage_off.png in Resources */,
				B97F403B1CA61E27006CCEA4 /* SplitPanel.xib in Resources */,
				B936FBC91CA26AE800B86A0B /* selectText_off.png in Resources */,
				B9F1E2541CA89C2400AFAA6F /* cZoom.png in Resources */,
				B97F404B1CA66E1A006CCEA4 /* RemovePanel.xib in Resources */,
				B951BD901C71C2A5007B9359 /* btnAdd.png in Resources */,
				B93FD57A1C86D45B00B68959 /* twoCont_on.png in Resources */,
				B997BFA81CAFED970022C246 /* TxtPanel.xib in Resources */,
				B936FBC61CA26AE800B86A0B /* scroll.png in Resources */,
				B9C45DB01CADFC9F00683937 /* resizef.png in Resources */,
				B90EC2AE1CC0BCD90062F9A5 /* ExportPanel.xib in Resources */,
				B93FD5791C86D45B00B68959 /* twoCont_off.png in Resources */,
				B936FBCC1CA26AE800B86A0B /* zoom_on.png in Resources */,
				B93FD5A91C872C0A00B68959 /* zoomOut.png in Resources */,
				B93FD57C1C86D45B00B68959 /* twoUp_on.png in Resources */,
				B951BD921C71C2A5007B9359 /* btnRemove.png in Resources */,
				B9CA97A71CCBA7FC00B2E5F6 /* EncryptPanel.xib in Resources */,
				B96EE7871C818A630063C7A2 /* goPrev.png in Resources */,
				B9F1E2551CA89C2400AFAA6F /* cZoomIn.png in Resources */,
				B951BD911C71C2A5007B9359 /* btnClear.png in Resources */,
				B93FD5761C86D45B00B68959 /* singleCon_on.png in Resources */,
				B951BDA31C71C759007B9359 /* PDFLst.array in Resources */,
				B951BD731C719DD0007B9359 /* MainMenu.xib in Resources */,
				B93FD5781C86D45B00B68959 /* singlePage_on.png in Resources */,
				B9C585741C92A3D100243A38 /* BMPanel.xib in Resources */,
				B905BCFF1D0DA27E00E8A438 /* PrefWinC.xib in Resources */,
				B96EE7851C818A630063C7A2 /* goLast.png in Resources */,
				B951BD951C71C2A5007B9359 /* vline.png in Resources */,
				B951BD941C71C2A5007B9359 /* btnSave.png in Resources */,
				B907C4B71C848A440019F247 /* sidebar.png in Resources */,
				B93FD5A71C872C0A00B68959 /* fitToWindow.png in Resources */,
				B9C45DAF1CADFC9F00683937 /* resizeb.png in Resources */,
				B96EE7841C818A630063C7A2 /* goForward.png in Resources */,
				B96EE7831C818A630063C7A2 /* goBack.png in Resources */,
				B9E51F111CC845C9004F002E /* lock.png in Resources */,
				B936FBCA1CA26AE800B86A0B /* selectText_on.png in Resources */,
				B93FD57B1C86D45B00B68959 /* twoUp_off.png in Resources */,
				B936FBC71CA26AE800B86A0B /* selectArea_off.png in Resources */,
			);
			runOnlyForDeploymentPostprocessing = 0;
		};
/* End PBXResourcesBuildPhase section */

/* Begin PBXSourcesBuildPhase section */
		B951BD5C1C719DD0007B9359 /* Sources */ = {
			isa = PBXSourcesBuildPhase;
			buildActionMask = 2147483647;
			files = (
				B9C585711C92963400243A38 /* BMPanel.m in Sources */,
				B93D8C501C9E7E3900CC3202 /* CCColoredTitleButton.m in Sources */,
				B951BD811C71A8FC007B9359 /* MergePDFWin.m in Sources */,
				B97F40381CA5FCE0006CCEA4 /* SplitPanel.m in Sources */,
				B95FEAC61CCA615A00FC91FF /* CCFormatter.m in Sources */,
				B97F40341CA5FBE2006CCEA4 /* NSAlert+SynchronousSheet.m in Sources */,
				B97F40481CA666FA006CCEA4 /* RemovePanel.m in Sources */,
				B90EC2AB1CC0AC3C0062F9A5 /* ExportPanel.m in Sources */,
				B98CA6E11C7615A1008C3E89 /* MyWinC.m in Sources */,
				B9E51F181CC84708004F002E /* EncryptPanel.m in Sources */,
				B951BDA61C71DB23007B9359 /* ErrLstController.m in Sources */,
				B9F1E24F1CA8975100AFAA6F /* HandScrollView.m in Sources */,
				B951BD6B1C719DD0007B9359 /* Document.m in Sources */,
				B951BD681C719DD0007B9359 /* main.m in Sources */,
				B90C05E01CD021E90085D918 /* MaxLenxFormatter.m in Sources */,
				B9A2FF1C1C79730B00E39B57 /* MyPDFView.m in Sources */,
				B93C5E6F1D0BCF990064F99F /* PrefWinC.m in Sources */,
				B9F1E2501CA8975100AFAA6F /* ZoomView.m in Sources */,
				B99FBCF71CAF3D7C00DAF769 /* MyOLView.m in Sources */,
				B9A8C96A1C916C10008A2DEB /* OLController.m in Sources */,
				B951BD651C719DD0007B9359 /* AppDelegate.m in Sources */,
				B951BD9C1C71C58D007B9359 /* CCClearWin.m in Sources */,
				B997BF9D1CAF75A30022C246 /* TxtPanel.m in Sources */,
				B951BD9B1C71C58D007B9359 /* CCBackGroundView.m in Sources */,
				B9E398221CC5BB2A0018DC88 /* InfoPanel.m in Sources */,
			);
			runOnlyForDeploymentPostprocessing = 0;
		};
/* End PBXSourcesBuildPhase section */

/* Begin PBXVariantGroup section */
		B905BD011D0DA27E00E8A438 /* PrefWinC.xib */ = {
			isa = PBXVariantGroup;
			children = (
				B905BD001D0DA27E00E8A438 /* Base */,
				B905BD031D0DA29100E8A438 /* ja */,
			);
			name = PrefWinC.xib;
			sourceTree = "<group>";
		};
		B90EC2B01CC0BCD90062F9A5 /* ExportPanel.xib */ = {
			isa = PBXVariantGroup;
			children = (
				B90EC2AF1CC0BCD90062F9A5 /* Base */,
				B90EC2B21CC0BCFA0062F9A5 /* ja */,
			);
			name = ExportPanel.xib;
			sourceTree = "<group>";
		};
		B951BD6C1C719DD0007B9359 /* Document.xib */ = {
			isa = PBXVariantGroup;
			children = (
				B951BD6D1C719DD0007B9359 /* Base */,
				B951BD7C1C719E7E007B9359 /* ja */,
			);
			name = Document.xib;
			sourceTree = "<group>";
		};
		B951BD711C719DD0007B9359 /* MainMenu.xib */ = {
			isa = PBXVariantGroup;
			children = (
				B951BD721C719DD0007B9359 /* Base */,
				B951BD7D1C719E7E007B9359 /* ja */,
			);
			name = MainMenu.xib;
			sourceTree = "<group>";
		};
		B951BD851C71A920007B9359 /* MergePDFWin.xib */ = {
			isa = PBXVariantGroup;
			children = (
				B951BD841C71A920007B9359 /* Base */,
				B94605781C80958B00953468 /* ja */,
			);
			name = MergePDFWin.xib;
			sourceTree = "<group>";
		};
		B95DD1DB1C7C602C002F1936 /* Localizable.strings */ = {
			isa = PBXVariantGroup;
			children = (
				B95DD1DC1C7C602C002F1936 /* Base */,
				B95DD1DE1C7C6035002F1936 /* ja */,
			);
			name = Localizable.strings;
			sourceTree = "<group>";
		};
		B95DD1E01C7C6069002F1936 /* Info.plist */ = {
			isa = PBXVariantGroup;
			children = (
				B95DD1DF1C7C6069002F1936 /* Base */,
				B95DD1E11C7C606C002F1936 /* ja */,
			);
			name = Info.plist;
			sourceTree = "<group>";
		};
		B97F403D1CA61E27006CCEA4 /* SplitPanel.xib */ = {
			isa = PBXVariantGroup;
			children = (
				B97F403C1CA61E27006CCEA4 /* Base */,
				B97F403F1CA61E36006CCEA4 /* ja */,
			);
			name = SplitPanel.xib;
			sourceTree = "<group>";
		};
		B97F404D1CA66E1A006CCEA4 /* RemovePanel.xib */ = {
			isa = PBXVariantGroup;
			children = (
				B97F404C1CA66E1A006CCEA4 /* Base */,
				B97F404F1CA66E2F006CCEA4 /* ja */,
			);
			name = RemovePanel.xib;
			sourceTree = "<group>";
		};
		B997BFAA1CAFED970022C246 /* TxtPanel.xib */ = {
			isa = PBXVariantGroup;
			children = (
				B997BFA91CAFED970022C246 /* Base */,
				B997BFAC1CAFEDA20022C246 /* ja */,
			);
			name = TxtPanel.xib;
			sourceTree = "<group>";
		};
		B99C9D1D1E4EBE2B000F1D3D /* SPK.help */ = {
			isa = PBXVariantGroup;
			children = (
				B99C9D1E1E4EBE2C000F1D3D /* Base */,
				B99C9D201E4EBE66000F1D3D /* ja */,
			);
			name = SPK.help;
			sourceTree = "<group>";
		};
		B9C585761C92A3D100243A38 /* BMPanel.xib */ = {
			isa = PBXVariantGroup;
			children = (
				B9C585751C92A3D100243A38 /* Base */,
				B9C585781C92A3DF00243A38 /* ja */,
			);
			name = BMPanel.xib;
			sourceTree = "<group>";
		};
		B9CA97A91CCBA7FC00B2E5F6 /* EncryptPanel.xib */ = {
			isa = PBXVariantGroup;
			children = (
				B9CA97A81CCBA7FC00B2E5F6 /* Base */,
				B9CA97AB1CCBA80E00B2E5F6 /* ja */,
			);
			name = EncryptPanel.xib;
			sourceTree = "<group>";
		};
		B9E51F1D1CC87D3F004F002E /* InfoPanel.xib */ = {
			isa = PBXVariantGroup;
			children = (
				B9E51F1C1CC87D3F004F002E /* Base */,
				B9E51F1F1CC87D57004F002E /* ja */,
			);
			name = InfoPanel.xib;
			sourceTree = "<group>";
		};
/* End PBXVariantGroup section */

/* Begin XCBuildConfiguration section */
		B951BD751C719DD0007B9359 /* Debug */ = {
			isa = XCBuildConfiguration;
			buildSettings = {
				ALWAYS_SEARCH_USER_PATHS = NO;
				CLANG_ANALYZER_LOCALIZABILITY_NONLOCALIZED = YES;
				CLANG_CXX_LANGUAGE_STANDARD = "gnu++0x";
				CLANG_CXX_LIBRARY = "libc++";
				CLANG_ENABLE_MODULES = YES;
				CLANG_ENABLE_OBJC_ARC = YES;
				CLANG_WARN_BOOL_CONVERSION = YES;
				CLANG_WARN_CONSTANT_CONVERSION = YES;
				CLANG_WARN_DIRECT_OBJC_ISA_USAGE = YES_ERROR;
				CLANG_WARN_EMPTY_BODY = YES;
				CLANG_WARN_ENUM_CONVERSION = YES;
				CLANG_WARN_INFINITE_RECURSION = YES;
				CLANG_WARN_INT_CONVERSION = YES;
				CLANG_WARN_OBJC_ROOT_CLASS = YES_ERROR;
				CLANG_WARN_SUSPICIOUS_MOVE = YES;
				CLANG_WARN_UNREACHABLE_CODE = YES;
				CLANG_WARN__DUPLICATE_METHOD_MATCH = YES;
				CODE_SIGN_IDENTITY = "Mac Developer";
				COPY_PHASE_STRIP = NO;
				DEBUG_INFORMATION_FORMAT = dwarf;
				ENABLE_STRICT_OBJC_MSGSEND = YES;
				ENABLE_TESTABILITY = YES;
				GCC_C_LANGUAGE_STANDARD = gnu99;
				GCC_DYNAMIC_NO_PIC = NO;
				GCC_NO_COMMON_BLOCKS = YES;
				GCC_OPTIMIZATION_LEVEL = 0;
				GCC_PREPROCESSOR_DEFINITIONS = (
					"DEBUG=1",
					"$(inherited)",
				);
				GCC_WARN_64_TO_32_BIT_CONVERSION = YES;
				GCC_WARN_ABOUT_RETURN_TYPE = YES_ERROR;
				GCC_WARN_UNDECLARED_SELECTOR = YES;
				GCC_WARN_UNINITIALIZED_AUTOS = YES_AGGRESSIVE;
				GCC_WARN_UNUSED_FUNCTION = YES;
				GCC_WARN_UNUSED_VARIABLE = YES;
				MACOSX_DEPLOYMENT_TARGET = 10.9;
				MTL_ENABLE_DEBUG_INFO = YES;
				ONLY_ACTIVE_ARCH = YES;
				SDKROOT = macosx;
			};
			name = Debug;
		};
		B951BD761C719DD0007B9359 /* Release */ = {
			isa = XCBuildConfiguration;
			buildSettings = {
				ALWAYS_SEARCH_USER_PATHS = NO;
				CLANG_ANALYZER_LOCALIZABILITY_NONLOCALIZED = YES;
				CLANG_CXX_LANGUAGE_STANDARD = "gnu++0x";
				CLANG_CXX_LIBRARY = "libc++";
				CLANG_ENABLE_MODULES = YES;
				CLANG_ENABLE_OBJC_ARC = YES;
				CLANG_WARN_BOOL_CONVERSION = YES;
				CLANG_WARN_CONSTANT_CONVERSION = YES;
				CLANG_WARN_DIRECT_OBJC_ISA_USAGE = YES_ERROR;
				CLANG_WARN_EMPTY_BODY = YES;
				CLANG_WARN_ENUM_CONVERSION = YES;
				CLANG_WARN_INFINITE_RECURSION = YES;
				CLANG_WARN_INT_CONVERSION = YES;
				CLANG_WARN_OBJC_ROOT_CLASS = YES_ERROR;
				CLANG_WARN_SUSPICIOUS_MOVE = YES;
				CLANG_WARN_UNREACHABLE_CODE = YES;
				CLANG_WARN__DUPLICATE_METHOD_MATCH = YES;
				CODE_SIGN_IDENTITY = "Mac Developer";
				COPY_PHASE_STRIP = NO;
				DEBUG_INFORMATION_FORMAT = "dwarf-with-dsym";
				ENABLE_NS_ASSERTIONS = NO;
				ENABLE_STRICT_OBJC_MSGSEND = YES;
				GCC_C_LANGUAGE_STANDARD = gnu99;
				GCC_NO_COMMON_BLOCKS = YES;
				GCC_WARN_64_TO_32_BIT_CONVERSION = YES;
				GCC_WARN_ABOUT_RETURN_TYPE = YES_ERROR;
				GCC_WARN_UNDECLARED_SELECTOR = YES;
				GCC_WARN_UNINITIALIZED_AUTOS = YES_AGGRESSIVE;
				GCC_WARN_UNUSED_FUNCTION = YES;
				GCC_WARN_UNUSED_VARIABLE = YES;
				MACOSX_DEPLOYMENT_TARGET = 10.9;
				MTL_ENABLE_DEBUG_INFO = NO;
				SDKROOT = macosx;
			};
			name = Release;
		};
		B951BD781C719DD0007B9359 /* Debug */ = {
			isa = XCBuildConfiguration;
			buildSettings = {
				ASSETCATALOG_COMPILER_APPICON_NAME = AppIcon;
				CODE_SIGN_IDENTITY = "Mac Developer";
				COMBINE_HIDPI_IMAGES = YES;
				DEVELOPMENT_TEAM = 7J39U2W87Z;
				INFOPLIST_FILE = "PDF Kit/Base.lproj/Info.plist";
				LD_RUNPATH_SEARCH_PATHS = "$(inherited) @executable_path/../Frameworks";
				MACOSX_DEPLOYMENT_TARGET = 10.9;
				PRODUCT_BUNDLE_IDENTIFIER = "com.Sao.PDF-Kit";
				PRODUCT_NAME = "Sao's PDF Kit";
			};
			name = Debug;
		};
		B951BD791C719DD0007B9359 /* Release */ = {
			isa = XCBuildConfiguration;
			buildSettings = {
				ASSETCATALOG_COMPILER_APPICON_NAME = AppIcon;
				CODE_SIGN_IDENTITY = "Mac Developer";
				COMBINE_HIDPI_IMAGES = YES;
				DEVELOPMENT_TEAM = 7J39U2W87Z;
				INFOPLIST_FILE = "PDF Kit/Base.lproj/Info.plist";
				LD_RUNPATH_SEARCH_PATHS = "$(inherited) @executable_path/../Frameworks";
				MACOSX_DEPLOYMENT_TARGET = 10.9;
				PRODUCT_BUNDLE_IDENTIFIER = "com.Sao.PDF-Kit";
				PRODUCT_NAME = "Sao's PDF Kit";
			};
			name = Release;
		};
/* End XCBuildConfiguration section */

/* Begin XCConfigurationList section */
		B951BD5B1C719DD0007B9359 /* Build configuration list for PBXProject "Sao's PDF Kit" */ = {
			isa = XCConfigurationList;
			buildConfigurations = (
				B951BD751C719DD0007B9359 /* Debug */,
				B951BD761C719DD0007B9359 /* Release */,
			);
			defaultConfigurationIsVisible = 0;
			defaultConfigurationName = Release;
		};
		B951BD771C719DD0007B9359 /* Build configuration list for PBXNativeTarget "Sao's PDF Kit" */ = {
			isa = XCConfigurationList;
			buildConfigurations = (
				B951BD781C719DD0007B9359 /* Debug */,
				B951BD791C719DD0007B9359 /* Release */,
			);
			defaultConfigurationIsVisible = 0;
			defaultConfigurationName = Release;
		};
/* End XCConfigurationList section */
	};
	rootObject = B951BD581C719DD0007B9359 /* Project object */;
}
